# This file is automatically @generated by Poetry and should not be changed by hand.

[[package]]
name = "autopep8"
version = "2.0.1"
description = "A tool that automatically formats Python code to conform to the PEP 8 style guide"
category = "dev"
optional = false
python-versions = ">=3.6"
files = [
    {file = "autopep8-2.0.1-py2.py3-none-any.whl", hash = "sha256:be5bc98c33515b67475420b7b1feafc8d32c1a69862498eda4983b45bffd2687"},
    {file = "autopep8-2.0.1.tar.gz", hash = "sha256:d27a8929d8dcd21c0f4b3859d2d07c6c25273727b98afc984c039df0f0d86566"},
]

[package.dependencies]
pycodestyle = ">=2.10.0"
tomli = {version = "*", markers = "python_version < \"3.11\""}

[package.source]
type = "legacy"
url = "https://pypi.tuna.tsinghua.edu.cn/simple"
reference = "qinghua"

[[package]]
name = "jieba"
version = "0.42.1"
description = "Chinese Words Segmentation Utilities"
category = "main"
optional = false
python-versions = "*"
files = [
    {file = "jieba-0.42.1.tar.gz", hash = "sha256:055ca12f62674fafed09427f176506079bc135638a14e23e25be909131928db2"},
]

[package.source]
type = "legacy"
url = "https://pypi.tuna.tsinghua.edu.cn/simple"
reference = "qinghua"

[[package]]
name = "pycodestyle"
version = "2.10.0"
description = "Python style guide checker"
category = "dev"
optional = false
python-versions = ">=3.6"
files = [
    {file = "pycodestyle-2.10.0-py2.py3-none-any.whl", hash = "sha256:8a4eaf0d0495c7395bdab3589ac2db602797d76207242c17d470186815706610"},
    {file = "pycodestyle-2.10.0.tar.gz", hash = "sha256:347187bdb476329d98f695c213d7295a846d1152ff4fe9bacb8a9590b8ee7053"},
]

[package.source]
type = "legacy"
url = "https://pypi.tuna.tsinghua.edu.cn/simple"
reference = "qinghua"

[[package]]
name = "tomli"
version = "2.0.1"
description = "A lil' TOML parser"
category = "dev"
optional = false
python-versions = ">=3.7"
files = [
    {file = "tomli-2.0.1-py3-none-any.whl", hash = "sha256:939de3e7a6161af0c887ef91b7d41a53e7c5a1ca976325f429cb46ea9bc30ecc"},
    {file = "tomli-2.0.1.tar.gz", hash = "sha256:de526c12914f0c550d15924c62d72abc48d6fe7364aa87328337a31007fe8a4f"},
]

[package.source]
type = "legacy"
url = "https://pypi.tuna.tsinghua.edu.cn/simple"
reference = "qinghua"

[metadata]
lock-version = "2.0"
python-versions = "^3.10"
content-hash = "9a5b3cbe957aa63d3be97313783761916af3260a268063363829f49f9e4c2d80"
